{
  "name": "trpc-intro",
  "version": "1.0.0",
  "lockfileVersion": 3,
  "requires": true,
  "packages": {
    "": {
      "name": "trpc-intro",
      "version": "1.0.0",
      "license": "ISC",
      "dependencies": {
        "@trpc/client": "^10.43.6",
        "@trpc/server": "^10.43.6"
      }
    },
    "node_modules/@trpc/client": {
      "version": "10.43.6",
      "resolved": "https://registry.npmjs.org/@trpc/client/-/client-10.43.6.tgz",
      "integrity": "sha512-gQSxCQgPeBn/wqBEScu5Nq9UKqA16e965vWBj+BbdvI4URV72T44/yg0cl/E6xtBgycCVwdzwn7CuZaM8FA/VQ==",
      "funding": [
        "https://trpc.io/sponsor"
      ],
      "peerDependencies": {
        "@trpc/server": "10.43.6"
      }
    },
    "node_modules/@trpc/server": {
      "version": "10.43.6",
      "resolved": "https://registry.npmjs.org/@trpc/server/-/server-10.43.6.tgz",
      "integrity": "sha512-ziN7UXGAycxe4i3FwJstTe6jzCcKBlPociCrC9XtfPzFpMTf0hNbRQQlFiZjJk23ZGQSVYDjk9RO4yIHt94mJg==",
      "funding": [
        "https://trpc.io/sponsor"
      ],
      "engines": {
        "node": ">=18.0.0"
      }
    }
  }
}
